{
  "name": "@ahmedrioueche/client",
  "version": "0.0.1",
  "lockfileVersion": 3,
  "requires": true,
  "packages": {
    "": {
      "name": "@ahmedrioueche/client",
      "version": "0.0.1",
      "dependencies": {
        "react-hot-toast": "^2.6.0"
      }
    },
    "backend": {
      "version": "0.0.1",
      "extraneous": true,
      "license": "UNLICENSED",
      "dependencies": {
        "@ahmedrioueche/gympro-client": "0.0.32",
        "@nestjs/common": "^11.0.1",
        "@nestjs/config": "^4.0.2",
        "@nestjs/core": "^11.0.1",
        "@nestjs/jwt": "^11.0.1",
        "@nestjs/mongoose": "^11.0.3",
        "@nestjs/passport": "^11.0.5",
        "@nestjs/platform-express": "^11.0.1",
        "@nestjs/throttler": "^6.4.0",
        "bcrypt": "^6.0.0",
        "bcryptjs": "^3.0.2",
        "class-transformer": "^0.5.1",
        "class-validator": "^0.14.2",
        "cookie-parser": "^1.4.7",
        "jsonwebtoken": "^9.0.2",
        "mongoose": "^8.17.1",
        "nodemailer": "^7.0.5",
        "passport": "^0.7.0",
        "passport-google-oauth20": "^2.0.0",
        "reflect-metadata": "^0.2.2",
        "rxjs": "^7.8.1"
      },
      "devDependencies": {
        "@eslint/eslintrc": "^3.2.0",
        "@eslint/js": "^9.18.0",
        "@nestjs/cli": "^11.0.0",
        "@nestjs/schematics": "^11.0.0",
        "@nestjs/testing": "^11.0.1",
        "@types/cookie-parser": "^1.4.10",
        "@types/express": "^5.0.0",
        "@types/jest": "^30.0.0",
        "@types/node": "^22.10.7",
        "@types/supertest": "^6.0.2",
        "eslint": "^9.18.0",
        "eslint-config-prettier": "^10.0.1",
        "eslint-plugin-prettier": "^5.2.2",
        "globals": "^16.0.0",
        "jest": "^30.0.0",
        "prettier": "^3.4.2",
        "source-map-support": "^0.5.21",
        "supertest": "^7.0.0",
        "ts-jest": "^29.2.5",
        "ts-loader": "^9.5.2",
        "ts-node": "^10.9.2",
        "tsconfig-paths": "^4.2.0",
        "typescript": "^5.7.3",
        "typescript-eslint": "^8.20.0"
      }
    },
    "node_modules/csstype": {
      "version": "3.2.3",
      "resolved": "https://registry.npmjs.org/csstype/-/csstype-3.2.3.tgz",
      "integrity": "sha512-z1HGKcYy2xA8AGQfwrn0PAy+PB7X/GSj3UVJW9qKyn43xWa+gl5nXmU4qqLMRzWVLFC8KusUX8T/0kCiOYpAIQ==",
      "license": "MIT",
      "peer": true
    },
    "node_modules/goober": {
      "version": "2.1.18",
      "resolved": "https://registry.npmjs.org/goober/-/goober-2.1.18.tgz",
      "integrity": "sha512-2vFqsaDVIT9Gz7N6kAL++pLpp41l3PfDuusHcjnGLfR6+huZkl6ziX+zgVC3ZxpqWhzH6pyDdGrCeDhMIvwaxw==",
      "license": "MIT",
      "peerDependencies": {
        "csstype": "^3.0.10"
      }
    },
    "node_modules/react": {
      "version": "19.2.0",
      "resolved": "https://registry.npmjs.org/react/-/react-19.2.0.tgz",
      "integrity": "sha512-tmbWg6W31tQLeB5cdIBOicJDJRR2KzXsV7uSK9iNfLWQ5bIZfxuPEHp7M8wiHyHnn0DD1i7w3Zmin0FtkrwoCQ==",
      "license": "MIT",
      "peer": true,
      "engines": {
        "node": ">=0.10.0"
      }
    },
    "node_modules/react-dom": {
      "version": "19.2.0",
      "resolved": "https://registry.npmjs.org/react-dom/-/react-dom-19.2.0.tgz",
      "integrity": "sha512-UlbRu4cAiGaIewkPyiRGJk0imDN2T3JjieT6spoL2UeSf5od4n5LB/mQ4ejmxhCFT1tYe8IvaFulzynWovsEFQ==",
      "license": "MIT",
      "peer": true,
      "dependencies": {
        "scheduler": "^0.27.0"
      },
      "peerDependencies": {
        "react": "^19.2.0"
      }
    },
    "node_modules/react-hot-toast": {
      "version": "2.6.0",
      "resolved": "https://registry.npmjs.org/react-hot-toast/-/react-hot-toast-2.6.0.tgz",
      "integrity": "sha512-bH+2EBMZ4sdyou/DPrfgIouFpcRLCJ+HoCA32UoAYHn6T3Ur5yfcDCeSr5mwldl6pFOsiocmrXMuoCJ1vV8bWg==",
      "license": "MIT",
      "dependencies": {
        "csstype": "^3.1.3",
        "goober": "^2.1.16"
      },
      "engines": {
        "node": ">=10"
      },
      "peerDependencies": {
        "react": ">=16",
        "react-dom": ">=16"
      }
    },
    "node_modules/scheduler": {
      "version": "0.27.0",
      "resolved": "https://registry.npmjs.org/scheduler/-/scheduler-0.27.0.tgz",
      "integrity": "sha512-eNv+WrVbKu1f3vbYJT/xtiF5syA5HPIMtf9IgY/nKg0sWqzAUEvqY/xm7OcZc/qafLx/iO9FgOmeSAp4v5ti/Q==",
      "license": "MIT"
    },
    "packages/client": {
      "name": "@ahmedrioueche/gympro-client",
      "version": "0.0.32",
      "extraneous": true,
      "dependencies": {
        "axios": "^1.13.2"
      },
      "devDependencies": {
        "typescript": "^5.9.3"
      }
    }
  }
}
